
Microsoft Visual Studio Solution File, Format Version 12.00
# Visual Studio Version 16
VisualStudioVersion = 16.0.29418.71
MinimumVisualStudioVersion = 10.0.40219.1
Project("{FAE04EC0-301F-11D3-BF4B-00C04F79EFBC}") = "biblioteka", "biblioteka\biblioteka.csproj", "{7706341D-305D-4EDA-A356-6F9E6414EB4E}"
EndProject
Global
	GlobalSection(SolutionConfigurationPlatforms) = preSolution
		Debug|Any CPU = Debug|Any CPU
		Release|Any CPU = Release|Any CPU
	EndGlobalSection
	GlobalSection(ProjectConfigurationPlatforms) = postSolution
		{7706341D-305D-4EDA-A356-6F9E6414EB4E}.Debug|Any CPU.ActiveCfg = Debug|Any CPU
		{7706341D-305D-4EDA-A356-6F9E6414EB4E}.Debug|Any CPU.Build.0 = Debug|Any CPU
		{7706341D-305D-4EDA-A356-6F9E6414EB4E}.Release|Any CPU.ActiveCfg = Release|Any CPU
		{7706341D-305D-4EDA-A356-6F9E6414EB4E}.Release|Any CPU.Build.0 = Release|Any CPU
	EndGlobalSection
	GlobalSection(SolutionProperties) = preSolution
		HideSolutionNode = FALSE
	EndGlobalSection
	GlobalSection(ExtensibilityGlobals) = postSolution
		SolutionGuid = {0187A817-F293-4CCE-8A49-A2399A1C71D4}
	EndGlobalSection
EndGlobal
